
Microsoft Visual Studio Solution File, Format Version 12.00
# Visual Studio Version 17
VisualStudioVersion = 17.8.34330.188
MinimumVisualStudioVersion = 10.0.40219.1
Project("{FAE04EC0-301F-11D3-BF4B-00C04F79EFBC}") = "DuAnOne", "DuAnOne\DuAnOne.csproj", "{152AE133-CFC9-40E2-9F45-841D26B7707F}"
EndProject
Global
	GlobalSection(SolutionConfigurationPlatforms) = preSolution
		Debug|Any CPU = Debug|Any CPU
		Release|Any CPU = Release|Any CPU
	EndGlobalSection
	GlobalSection(ProjectConfigurationPlatforms) = postSolution
		{152AE133-CFC9-40E2-9F45-841D26B7707F}.Debug|Any CPU.ActiveCfg = Debug|Any CPU
		{152AE133-CFC9-40E2-9F45-841D26B7707F}.Debug|Any CPU.Build.0 = Debug|Any CPU
		{152AE133-CFC9-40E2-9F45-841D26B7707F}.Release|Any CPU.ActiveCfg = Release|Any CPU
		{152AE133-CFC9-40E2-9F45-841D26B7707F}.Release|Any CPU.Build.0 = Release|Any CPU
	EndGlobalSection
	GlobalSection(SolutionProperties) = preSolution
		HideSolutionNode = FALSE
	EndGlobalSection
	GlobalSection(ExtensibilityGlobals) = postSolution
		SolutionGuid = {D0382C6C-155E-4A4A-8383-56F9A58EC4F8}
	EndGlobalSection
EndGlobal
